
Microsoft Visual Studio Solution File, Format Version 12.00
# Visual Studio Version 17
VisualStudioVersion = 17.9.34607.119
MinimumVisualStudioVersion = 10.0.40219.1
Project("{9A19103F-16F7-4668-BE54-9A1E7A4F7556}") = "RandSortTester", "RandSortTester\RandSortTester.csproj", "{63B3A44E-6BB8-43A5-9B55-A6726E7BDD5E}"
EndProject
Project("{FAE04EC0-301F-11D3-BF4B-00C04F79EFBC}") = "RandSort", "RandSort\RandSort.csproj", "{DBE500E7-F67D-4A97-ACC0-D22DD3047BAD}"
EndProject
Project("{FAE04EC0-301F-11D3-BF4B-00C04F79EFBC}") = "RandSort.UnitTests", "RandSort.UnitTests\RandSort.UnitTests.csproj", "{35024FE5-546E-44CA-84BF-4E3E7FECC66F}"
EndProject
Project("{2150E333-8FDC-42A3-9474-1A3956D46DE8}") = "Solution Items", "Solution Items", "{8EC462FD-D22E-90A8-E5CE-7E832BA40C5D}"
	ProjectSection(SolutionItems) = preProject
		README.md = README.md
	EndProjectSection
EndProject
Global
	GlobalSection(SolutionConfigurationPlatforms) = preSolution
		Debug|Any CPU = Debug|Any CPU
		Release|Any CPU = Release|Any CPU
	EndGlobalSection
	GlobalSection(ProjectConfigurationPlatforms) = postSolution
		{63B3A44E-6BB8-43A5-9B55-A6726E7BDD5E}.Debug|Any CPU.ActiveCfg = Debug|Any CPU
		{63B3A44E-6BB8-43A5-9B55-A6726E7BDD5E}.Debug|Any CPU.Build.0 = Debug|Any CPU
		{63B3A44E-6BB8-43A5-9B55-A6726E7BDD5E}.Release|Any CPU.ActiveCfg = Release|Any CPU
		{63B3A44E-6BB8-43A5-9B55-A6726E7BDD5E}.Release|Any CPU.Build.0 = Release|Any CPU
		{DBE500E7-F67D-4A97-ACC0-D22DD3047BAD}.Debug|Any CPU.ActiveCfg = Debug|Any CPU
		{DBE500E7-F67D-4A97-ACC0-D22DD3047BAD}.Debug|Any CPU.Build.0 = Debug|Any CPU
		{DBE500E7-F67D-4A97-ACC0-D22DD3047BAD}.Release|Any CPU.ActiveCfg = Release|Any CPU
		{DBE500E7-F67D-4A97-ACC0-D22DD3047BAD}.Release|Any CPU.Build.0 = Release|Any CPU
		{35024FE5-546E-44CA-84BF-4E3E7FECC66F}.Debug|Any CPU.ActiveCfg = Debug|Any CPU
		{35024FE5-546E-44CA-84BF-4E3E7FECC66F}.Debug|Any CPU.Build.0 = Debug|Any CPU
		{35024FE5-546E-44CA-84BF-4E3E7FECC66F}.Release|Any CPU.ActiveCfg = Release|Any CPU
		{35024FE5-546E-44CA-84BF-4E3E7FECC66F}.Release|Any CPU.Build.0 = Release|Any CPU
	EndGlobalSection
	GlobalSection(SolutionProperties) = preSolution
		HideSolutionNode = FALSE
	EndGlobalSection
	GlobalSection(ExtensibilityGlobals) = postSolution
		SolutionGuid = {9DD325F1-04E8-44BB-BF30-BDDCE68B9EF6}
	EndGlobalSection
EndGlobal
